
Microsoft Visual Studio Solution File, Format Version 12.00
# Visual Studio Version 16
VisualStudioVersion = 16.0.30804.86
MinimumVisualStudioVersion = 10.0.40219.1
Project("{9A19103F-16F7-4668-BE54-9A1E7A4F7556}") = "Spice", "Spice\Spice.csproj", "{6F68D0C8-4866-4170-9E0A-917F1FCCED4D}"
EndProject
Global
	GlobalSection(SolutionConfigurationPlatforms) = preSolution
		Debug|Any CPU = Debug|Any CPU
		Release|Any CPU = Release|Any CPU
	EndGlobalSection
	GlobalSection(ProjectConfigurationPlatforms) = postSolution
		{6F68D0C8-4866-4170-9E0A-917F1FCCED4D}.Debug|Any CPU.ActiveCfg = Debug|Any CPU
		{6F68D0C8-4866-4170-9E0A-917F1FCCED4D}.Debug|Any CPU.Build.0 = Debug|Any CPU
		{6F68D0C8-4866-4170-9E0A-917F1FCCED4D}.Release|Any CPU.ActiveCfg = Release|Any CPU
		{6F68D0C8-4866-4170-9E0A-917F1FCCED4D}.Release|Any CPU.Build.0 = Release|Any CPU
	EndGlobalSection
	GlobalSection(SolutionProperties) = preSolution
		HideSolutionNode = FALSE
	EndGlobalSection
	GlobalSection(ExtensibilityGlobals) = postSolution
		SolutionGuid = {7FB24322-8BBF-42EC-BF01-825A036BC979}
	EndGlobalSection
EndGlobal
